{
    "_meta": {
        "hash": {
            "sha256": "2a1ab1526314d3dac139898070808fe9583dab04d620c7eceb924ca9b1610690"
        },
        "pipfile-spec": 6,
        "requires": {
            "python_version": "3.6"
        },
        "sources": [
            {
                "name": "pypi",
                "url": "https://pypi.org/simple",
                "verify_ssl": true
            }
        ]
    },
    "default": {
        "app-utils": {
            "editable": true,
            "path": "."
        },
        "yapf": {
            "hashes": [
                "sha256:8aa7f9abdb97b4da4d3227306b88477982daafef0a96cc41639754ca31f46d55",
                "sha256:f2df5891481f94ddadfbf8ae8ae499080752cfb06005a31bbb102f3012f8b944"
            ],
            "version": "==0.25.0"
        }
    },
    "develop": {}
}
